{
    "_readme": [
        "This file locks the dependencies of your project to a known state",
        "Read more about it at https://getcomposer.org/doc/01-basic-usage.md#composer-lock-the-lock-file",
        "This file is @generated automatically"
    ],
    "hash": "3e4dfbc95c83dd1d790e8358469e4709",
    "content-hash": "138b5cd299c7658202333fcd5d37c91c",
    "packages": [
        {
            "name": "agile55/ga",
            "version": "dev-master",
            "source": {
                "type": "git",
                "url": "https://github.com/agile55/ga.git",
                "reference": "d7509c8817a3de21cf891370378d0ad299096010"
            },
            "dist": {
                "type": "zip",
                "url": "https://api.github.com/repos/agile55/ga/zipball/d7509c8817a3de21cf891370378d0ad299096010",
                "reference": "d7509c8817a3de21cf891370378d0ad299096010",
                "shasum": ""
            },
            "require": {
                "atk4/atk4": ">=4.2",
                "php": ">=5.3"
            },
            "type": "library",
            "autoload": {
                "psr-0": {
                    "agile55\\ga": "lib"
                }
            },
            "notification-url": "https://packagist.org/downloads/",
            "license": [
                "MIT"
            ],
            "authors": [
                {
                    "name": "Romans Malinovskis",
                    "email": "romans@agiletoolkit.org"
                }
            ],
            "description": "Google Analytics for Agile Toolkit",
            "homepage": "http://github.com/agile55/ga",
            "keywords": [
                "atk4"
            ],
            "time": "2014-03-06 16:37:45"
        },
        {
            "name": "atk4/atk4",
            "version": "4.3.2",
            "source": {
                "type": "git",
                "url": "https://github.com/atk4/atk4.git",
                "reference": "0eb774a28165db5cca5b0520851d212f11ade6f9"
            },
            "dist": {
                "type": "zip",
                "url": "https://api.github.com/repos/atk4/atk4/zipball/0eb774a28165db5cca5b0520851d212f11ade6f9",
                "reference": "0eb774a28165db5cca5b0520851d212f11ade6f9",
                "shasum": ""
            },
            "type": "library",
            "autoload": {
                "psr-0": {
                    "": "lib/"
                },
                "files": [
                    "/lib/static.php"
                ]
            },
            "notification-url": "https://packagist.org/downloads/",
            "license": [
                "MIT"
            ],
            "homepage": "https://agiletoolkit.org/",
            "keywords": [
                "atk4",
                "framework"
            ],
            "time": "2016-02-29 12:21:49"
        },
        {
            "name": "educoder/pest",
            "version": "1.0.0",
            "source": {
                "type": "git",
                "url": "https://github.com/educoder/pest.git",
                "reference": "7c4d24d6aafc4ebac711c73cc8797d9b1779525b"
            },
            "dist": {
                "type": "zip",
                "url": "https://api.github.com/repos/educoder/pest/zipball/7c4d24d6aafc4ebac711c73cc8797d9b1779525b",
                "reference": "7c4d24d6aafc4ebac711c73cc8797d9b1779525b",
                "shasum": ""
            },
            "require": {
                "lib-curl": "*",
                "php": ">=5.2"
            },
            "type": "library",
            "autoload": {
                "classmap": [
                    ""
                ]
            },
            "notification-url": "https://packagist.org/downloads/",
            "license": [
                "MIT"
            ],
            "authors": [
                {
                    "name": "Matt Zukowski",
                    "email": "matt@zukowski.ca"
                },
                {
                    "name": "Donald Sipe",
                    "email": "donald.sipe@gmail.com"
                }
            ],
            "description": "A proper REST client for PHP.",
            "homepage": "https://github.com/educoder/pest",
            "time": "2013-11-17 12:58:01"
        },
        {
            "name": "erusev/parsedown",
            "version": "1.6.0",
            "source": {
                "type": "git",
                "url": "https://github.com/erusev/parsedown.git",
                "reference": "3ebbd730b5c2cf5ce78bc1bf64071407fc6674b7"
            },
            "dist": {
                "type": "zip",
                "url": "https://api.github.com/repos/erusev/parsedown/zipball/3ebbd730b5c2cf5ce78bc1bf64071407fc6674b7",
                "reference": "3ebbd730b5c2cf5ce78bc1bf64071407fc6674b7",
                "shasum": ""
            },
            "type": "library",
            "autoload": {
                "psr-0": {
                    "Parsedown": ""
                }
            },
            "notification-url": "https://packagist.org/downloads/",
            "license": [
                "MIT"
            ],
            "authors": [
                {
                    "name": "Emanuil Rusev",
                    "email": "hello@erusev.com",
                    "homepage": "http://erusev.com"
                }
            ],
            "description": "Parser for Markdown.",
            "homepage": "http://parsedown.org",
            "keywords": [
                "markdown",
                "parser"
            ],
            "time": "2015-10-04 16:44:32"
        },
        {
            "name": "erusev/parsedown-extra",
            "version": "dev-master",
            "source": {
                "type": "git",
                "url": "https://github.com/erusev/parsedown-extra.git",
                "reference": "0db5cce7354e4b76f155d092ab5eb3981c21258c"
            },
            "dist": {
                "type": "zip",
                "url": "https://api.github.com/repos/erusev/parsedown-extra/zipball/0db5cce7354e4b76f155d092ab5eb3981c21258c",
                "reference": "0db5cce7354e4b76f155d092ab5eb3981c21258c",
                "shasum": ""
            },
            "require": {
                "erusev/parsedown": "~1.4"
            },
            "type": "library",
            "autoload": {
                "psr-0": {
                    "ParsedownExtra": ""
                }
            },
            "notification-url": "https://packagist.org/downloads/",
            "license": [
                "MIT"
            ],
            "authors": [
                {
                    "name": "Emanuil Rusev",
                    "email": "hello@erusev.com",
                    "homepage": "http://erusev.com"
                }
            ],
            "description": "An extension of Parsedown that adds support for Markdown Extra.",
            "homepage": "https://github.com/erusev/parsedown-extra",
            "keywords": [
                "markdown",
                "markdown extra",
                "parsedown",
                "parser"
            ],
            "time": "2015-11-01 10:19:22"
        },
        {
            "name": "romaninsh/mdcms",
            "version": "1.1.4",
            "source": {
                "type": "git",
                "url": "https://github.com/romaninsh/mdcms.git",
                "reference": "origin/master"
            },
            "dist": {
                "type": "zip",
                "url": "https://api.github.com/repos/romaninsh/mdcms/zipball/origin/master",
                "reference": "origin/master",
                "shasum": ""
            },
            "require": {
                "atk4/atk4": "^4.3",
                "erusev/parsedown": "~1.4",
                "erusev/parsedown-extra": "dev-master"
            },
            "type": "library",
            "autoload": {
                "psr-0": {
                    "romaninsh\\mdcms": "lib"
                }
            },
            "notification-url": "https://packagist.org/downloads/",
            "license": [
                "AGPL"
            ],
            "authors": [
                {
                    "name": "Romans Malinovskis",
                    "email": "romans@agiletoolkit.org"
                }
            ],
            "description": "Markdown CMS for Agile Toolkit",
            "homepage": "http://github.com/romaninsh/mdcms",
            "keywords": [
                "atk4"
            ],
            "time": "2016-07-13 11:33:19"
        }
    ],
    "packages-dev": [],
    "aliases": [],
    "minimum-stability": "stable",
    "stability-flags": {
        "erusev/parsedown-extra": 20,
        "agile55/ga": 20
    },
    "prefer-stable": false,
    "prefer-lowest": false,
    "platform": [],
    "platform-dev": []
}
